
Microsoft Visual Studio Solution File, Format Version 12.00
# Visual Studio Version 17
VisualStudioVersion = 17.8.34330.188
MinimumVisualStudioVersion = 10.0.40219.1
Project("{FAE04EC0-301F-11D3-BF4B-00C04F79EFBC}") = "WinPyoyectoIB", "WinPyoyectoIB\WinPyoyectoIB.csproj", "{C5C4FF02-E056-4CD2-9F79-AB3AD02FDA6D}"
EndProject
Global
	GlobalSection(SolutionConfigurationPlatforms) = preSolution
		Debug|Any CPU = Debug|Any CPU
		Release|Any CPU = Release|Any CPU
	EndGlobalSection
	GlobalSection(ProjectConfigurationPlatforms) = postSolution
		{C5C4FF02-E056-4CD2-9F79-AB3AD02FDA6D}.Debug|Any CPU.ActiveCfg = Debug|Any CPU
		{C5C4FF02-E056-4CD2-9F79-AB3AD02FDA6D}.Debug|Any CPU.Build.0 = Debug|Any CPU
		{C5C4FF02-E056-4CD2-9F79-AB3AD02FDA6D}.Release|Any CPU.ActiveCfg = Release|Any CPU
		{C5C4FF02-E056-4CD2-9F79-AB3AD02FDA6D}.Release|Any CPU.Build.0 = Release|Any CPU
	EndGlobalSection
	GlobalSection(SolutionProperties) = preSolution
		HideSolutionNode = FALSE
	EndGlobalSection
	GlobalSection(ExtensibilityGlobals) = postSolution
		SolutionGuid = {2CFD6B58-7F4B-4C54-BC86-68E707323143}
	EndGlobalSection
EndGlobal
